
Microsoft Visual Studio Solution File, Format Version 12.00
# Visual Studio Version 16
VisualStudioVersion = 16.0.31515.178
MinimumVisualStudioVersion = 10.0.40219.1
Project("{FAE04EC0-301F-11D3-BF4B-00C04F79EFBC}") = "TodoListWebApi", "TodoListWebApi\TodoListWebApi.csproj", "{69C86345-4847-428B-B670-B160D541EC96}"
EndProject
Project("{FAE04EC0-301F-11D3-BF4B-00C04F79EFBC}") = "Core", "Core\Core.csproj", "{5E4DABFC-DFB4-4D95-A1DB-CAB65863438C}"
EndProject
Global
	GlobalSection(SolutionConfigurationPlatforms) = preSolution
		Debug|Any CPU = Debug|Any CPU
		Release|Any CPU = Release|Any CPU
	EndGlobalSection
	GlobalSection(ProjectConfigurationPlatforms) = postSolution
		{69C86345-4847-428B-B670-B160D541EC96}.Debug|Any CPU.ActiveCfg = Debug|Any CPU
		{69C86345-4847-428B-B670-B160D541EC96}.Debug|Any CPU.Build.0 = Debug|Any CPU
		{69C86345-4847-428B-B670-B160D541EC96}.Release|Any CPU.ActiveCfg = Release|Any CPU
		{69C86345-4847-428B-B670-B160D541EC96}.Release|Any CPU.Build.0 = Release|Any CPU
		{5E4DABFC-DFB4-4D95-A1DB-CAB65863438C}.Debug|Any CPU.ActiveCfg = Debug|Any CPU
		{5E4DABFC-DFB4-4D95-A1DB-CAB65863438C}.Debug|Any CPU.Build.0 = Debug|Any CPU
		{5E4DABFC-DFB4-4D95-A1DB-CAB65863438C}.Release|Any CPU.ActiveCfg = Release|Any CPU
		{5E4DABFC-DFB4-4D95-A1DB-CAB65863438C}.Release|Any CPU.Build.0 = Release|Any CPU
	EndGlobalSection
	GlobalSection(SolutionProperties) = preSolution
		HideSolutionNode = FALSE
	EndGlobalSection
	GlobalSection(ExtensibilityGlobals) = postSolution
		SolutionGuid = {05379CC5-D836-4D69-810C-0AA74FAA6168}
	EndGlobalSection
EndGlobal
